{
  "originHash" : "6123adfdd7401c8bac927a057e8a688b36733a35283e71e2aea8842b73480466",
  "pins" : [
    {
      "identity" : "routing",
      "kind" : "remoteSourceControl",
      "location" : "https://github.com/obvios/Routing.git",
      "state" : {
        "revision" : "cbb162bcbec7fbc68e2b9652b255cb26f1bf3e9c",
        "version" : "2.1.0"
      }
    },
    {
      "identity" : "swiftlintplugins",
      "kind" : "remoteSourceControl",
      "location" : "https://github.com/SimplyDanny/SwiftLintPlugins",
      "state" : {
        "revision" : "ecafb5b056cb7995324f0d310a61f30661d00cad",
        "version" : "0.62.2"
      }
    }
  ],
  "version" : 3
}
